<?xml version="1.0" encoding="UTF-8" standalone="yes" ?>
<CodeBlocks_project_file>
	<FileVersion major="1" minor="6" />
	<Project>
		<Option title="RPG" />
		<Option pch_mode="2" />
		<Option compiler="gcc" />
		<Build>
			<Target title="Debug">
				<Option output="bin/Debug/RPG" prefix_auto="1" extension_auto="1" />
				<Option object_output="obj/Debug/" />
				<Option type="1" />
				<Option compiler="gcc" />
				<Compiler>
					<Add option="-g" />
				</Compiler>
			</Target>
			<Target title="Release">
				<Option output="bin/Release/RPG" prefix_auto="1" extension_auto="1" />
				<Option object_output="obj/Release/" />
				<Option type="1" />
				<Option compiler="gcc" />
				<Compiler>
					<Add option="-O2" />
				</Compiler>
				<Linker>
					<Add option="-s" />
				</Linker>
			</Target>
		</Build>
		<Compiler>
			<Add option="-Wall" />
		</Compiler>
		<Unit filename="choiceChooser.c">
			<Option compilerVar="CC" />
		</Unit>
		<Unit filename="combat.c">
			<Option compilerVar="CC" />
		</Unit>
		<Unit filename="combatSystems.c">
			<Option compilerVar="CC" />
		</Unit>
		<Unit filename="commandCenter.c">
			<Option compilerVar="CC" />
		</Unit>
		<Unit filename="derelictFunctions.c">
			<Option compilerVar="CC" />
		</Unit>
		<Unit filename="enemyCombat.c">
			<Option compilerVar="CC" />
		</Unit>
		<Unit filename="enviedus.c">
			<Option compilerVar="CC" />
		</Unit>
		<Unit filename="fanatics.c">
			<Option compilerVar="CC" />
		</Unit>
		<Unit filename="header.h" />
		<Unit filename="main.c">
			<Option compilerVar="CC" />
		</Unit>
		<Unit filename="map.c">
			<Option compilerVar="CC" />
		</Unit>
		<Unit filename="optic.c">
			<Option compilerVar="CC" />
		</Unit>
		<Unit filename="phaze.c">
			<Option compilerVar="CC" />
		</Unit>
		<Unit filename="playerCombat.c">
			<Option compilerVar="CC" />
		</Unit>
		<Unit filename="smart.c">
			<Option compilerVar="CC" />
		</Unit>
		<Unit filename="switch.c">
			<Option compilerVar="CC" />
		</Unit>
		<Unit filename="weaponDamage.c">
			<Option compilerVar="CC" />
		</Unit>
		<Extensions>
			<code_completion />
			<envvars />
			<debugger />
			<lib_finder disable_auto="1" />
		</Extensions>
	</Project>
</CodeBlocks_project_file>
